Microsoft Visual Studio Solution File, Format Version 11.00
# Visual Studio 2008

Project("{B9F2B582-EE75-A725-9C62-CE162CEBE368}") = "bound", "Assembly-CSharp-firstpass.csproj", "{FBCE2F93-0868-5EE2-C015-FE2C8E59C41D}"
EndProject
Project("{B9F2B582-EE75-A725-9C62-CE162CEBE368}") = "bound", "Assembly-CSharp.csproj", "{07018F7E-F004-47E8-CC7D-80BA332A087C}"
EndProject
Project("{B9F2B582-EE75-A725-9C62-CE162CEBE368}") = "bound", "Assembly-CSharp-Editor.csproj", "{F96CF859-1042-B89F-AEBB-FF12AEFD168D}"
EndProject
Global
	GlobalSection(SolutionConfigurationPlatforms) = preSolution
		Debug|Any CPU = Debug|Any CPU
		Release|Any CPU = Release|Any CPU
	EndGlobalSection
	GlobalSection(ProjectConfigurationPlatforms) = postSolution
		{FBCE2F93-0868-5EE2-C015-FE2C8E59C41D}.Debug|Any CPU.ActiveCfg = Debug|Any CPU
		{FBCE2F93-0868-5EE2-C015-FE2C8E59C41D}.Debug|Any CPU.Build.0 = Debug|Any CPU
		{FBCE2F93-0868-5EE2-C015-FE2C8E59C41D}.Release|Any CPU.ActiveCfg = Release|Any CPU
		{FBCE2F93-0868-5EE2-C015-FE2C8E59C41D}.Release|Any CPU.Build.0 = Release|Any CPU
		{07018F7E-F004-47E8-CC7D-80BA332A087C}.Debug|Any CPU.ActiveCfg = Debug|Any CPU
		{07018F7E-F004-47E8-CC7D-80BA332A087C}.Debug|Any CPU.Build.0 = Debug|Any CPU
		{07018F7E-F004-47E8-CC7D-80BA332A087C}.Release|Any CPU.ActiveCfg = Release|Any CPU
		{07018F7E-F004-47E8-CC7D-80BA332A087C}.Release|Any CPU.Build.0 = Release|Any CPU
		{F96CF859-1042-B89F-AEBB-FF12AEFD168D}.Debug|Any CPU.ActiveCfg = Debug|Any CPU
		{F96CF859-1042-B89F-AEBB-FF12AEFD168D}.Debug|Any CPU.Build.0 = Debug|Any CPU
		{F96CF859-1042-B89F-AEBB-FF12AEFD168D}.Release|Any CPU.ActiveCfg = Release|Any CPU
		{F96CF859-1042-B89F-AEBB-FF12AEFD168D}.Release|Any CPU.Build.0 = Release|Any CPU
	EndGlobalSection
	GlobalSection(SolutionProperties) = preSolution
		HideSolutionNode = FALSE
	EndGlobalSection
																																																																																																																																																																																																																																																																																																																														GlobalSection(MonoDevelopProperties) = preSolution
=======
																																																																																																																																																																																																																																																																																								GlobalSection(MonoDevelopProperties) = preSolution
>>>>>>> e2a957578245c9c67df3b86cbaf6c3d9090b025e
=======
																																																																																																																																																																																																																					GlobalSection(MonoDevelopProperties) = preSolution
=======
																																																																																																																																																																																																										GlobalSection(MonoDevelopProperties) = preSolution
>>>>>>> 1548ef9caed4557083caf832f145a4630c8e3b3f
>>>>>>> d0d3c7b95146ef07407d4f77d5f167e40a76ff2e
=======
																																																																																																																																																																																																																										GlobalSection(MonoDevelopProperties) = preSolution
=======
																																																																																																																																																																																																										GlobalSection(MonoDevelopProperties) = preSolution
>>>>>>> 1548ef9caed4557083caf832f145a4630c8e3b3f
>>>>>>> 1508a18a3e3b86026b7105cef5b6f1fbbe197565
=======
																																																																																																																																																																					GlobalSection(MonoDevelopProperties) = preSolution
>>>>>>> 4d6f906f02a6c67d094d8f7d2543a863571ff833
=======
																																																																																																									GlobalSection(MonoDevelopProperties) = preSolution
>>>>>>> f5d6c3b052ac2c293cd5fab4d7dbca7c4b86b4e3
=======
<<<<<<< HEAD
																																																																																													GlobalSection(MonoDevelopProperties) = preSolution
=======
																																																																													GlobalSection(MonoDevelopProperties) = preSolution
>>>>>>> 8ed65623732fb2b6299fe8d272cbb9f2fe4922da
>>>>>>> 213d3b6f0b918f49449e25c0bc1b8f0fcb86f1e9
		StartupItem = Assembly-CSharp.csproj
		Policies = $0
		$0.TextStylePolicy = $1
		$1.inheritsSet = null
		$1.scope = text/x-csharp
		$0.CSharpFormattingPolicy = $2
		$2.inheritsSet = Mono
		$2.inheritsScope = text/x-csharp
		$2.scope = text/x-csharp
		$0.TextStylePolicy = $3
		$3.FileWidth = 120
		$3.TabWidth = 4
		$3.IndentWidth = 4
		$3.EolMarker = Unix
		$3.inheritsSet = Mono
		$3.inheritsScope = text/plain
		$3.scope = text/plain
	EndGlobalSection

EndGlobal
